dependencies:
  '@types/enhanced-resolve': 3.0.6
  enhanced-resolve: 5.8.2
devDependencies:
  '@types/node': 15.6.1
  jest-resolve: 27.0.2_jest-resolve@27.0.2
  typescript: 4.3.2
lockfileVersion: 5.1
packages:
  /@jest/types/27.0.2:
    dependencies:
      '@types/istanbul-lib-coverage': 2.0.3
      '@types/istanbul-reports': 3.0.0
      '@types/node': 15.6.1
      '@types/yargs': 16.0.3
      chalk: 4.1.1
    dev: true
    engines:
      node: ^10.13.0 || ^12.13.0 || ^14.15.0 || >=15.0.0
    resolution:
      integrity: sha512-XpjCtJ/99HB4PmyJ2vgmN7vT+JLP7RW1FBT9RgnMFS4Dt7cvIyBee8O3/j98aUZ34ZpenPZFqmaaObWSeL65dg==
  /@types/enhanced-resolve/3.0.6:
    dependencies:
      '@types/node': 15.6.1
      '@types/tapable': 0.2.5
    dev: false
    resolution:
      integrity: sha512-mAWc6JpDiA6GnPCF5023YSGMa/E7baMvLs+HtT9E6Z52lUds3pthf4APhVQpbmV6sZTrbASgBEDdh70eGWTJFw==
  /@types/istanbul-lib-coverage/2.0.3:
    dev: true
    resolution:
      integrity: sha512-sz7iLqvVUg1gIedBOvlkxPlc8/uVzyS5OwGz1cKjXzkl3FpL3al0crU8YGU1WoHkxn0Wxbw5tyi6hvzJKNzFsw==
  /@types/istanbul-lib-report/3.0.0:
    dependencies:
      '@types/istanbul-lib-coverage': 2.0.3
    dev: true
    resolution:
      integrity: sha512-plGgXAPfVKFoYfa9NpYDAkseG+g6Jr294RqeqcqDixSbU34MZVJRi/P+7Y8GDpzkEwLaGZZOpKIEmeVZNtKsrg==
  /@types/istanbul-reports/3.0.0:
    dependencies:
      '@types/istanbul-lib-report': 3.0.0
    dev: true
    resolution:
      integrity: sha512-nwKNbvnwJ2/mndE9ItP/zc2TCzw6uuodnF4EHYWD+gCQDVBuRQL5UzbZD0/ezy1iKsFU2ZQiDqg4M9dN4+wZgA==
  /@types/node/15.6.1:
    resolution:
      integrity: sha512-7EIraBEyRHEe7CH+Fm1XvgqU6uwZN8Q7jppJGcqjROMT29qhAuuOxYB1uEY5UMYQKEmA5D+5tBnhdaPXSsLONA==
  /@types/tapable/0.2.5:
    dev: false
    resolution:
      integrity: sha512-dEoVvo/I9QFomyhY+4Q6Qk+I+dhG59TYceZgC6Q0mCifVPErx6Y83PNTKGDS5e9h9Eti6q0S2mm16BU6iQK+3w==
  /@types/yargs-parser/20.2.0:
    dev: true
    resolution:
      integrity: sha512-37RSHht+gzzgYeobbG+KWryeAW8J33Nhr69cjTqSYymXVZEN9NbRYWoYlRtDhHKPVT1FyNKwaTPC1NynKZpzRA==
  /@types/yargs/16.0.3:
    dependencies:
      '@types/yargs-parser': 20.2.0
    dev: true
    resolution:
      integrity: sha512-YlFfTGS+zqCgXuXNV26rOIeETOkXnGQXP/pjjL9P0gO/EP9jTmc7pUBhx+jVEIxpq41RX33GQ7N3DzOSfZoglQ==
  /ansi-regex/5.0.0:
    dev: true
    engines:
      node: '>=8'
    resolution:
      integrity: sha512-bY6fj56OUQ0hU1KjFNDQuJFezqKdrAyFdIevADiqrWHwSlbmBNMHp5ak2f40Pm8JTFyM2mqxkG6ngkHO11f/lg==
  /ansi-styles/4.3.0:
    dependencies:
      color-convert: 2.0.1
    dev: true
    engines:
      node: '>=8'
    resolution:
      integrity: sha512-zbB9rCJAT1rbjiVDb2hqKFHNYLxgtk8NURxZ3IZwD3F6NtxbXZQCnnSi1Lkx+IDohdPlFp222wVALIheZJQSEg==
  /ansi-styles/5.2.0:
    dev: true
    engines:
      node: '>=10'
    resolution:
      integrity: sha512-Cxwpt2SfTzTtXcfOlzGEee8O+c+MmUgGrNiBcXnuWxuFJHe6a5Hz7qwhwe5OgaSYI0IJvkLqWX1ASG+cJOkEiA==
  /camelcase/6.2.0:
    dev: true
    engines:
      node: '>=10'
    resolution:
      integrity: sha512-c7wVvbw3f37nuobQNtgsgG9POC9qMbNuMQmTCqZv23b6MIz0fcYpBiOlv9gEN/hdLdnZTDQhg6e9Dq5M1vKvfg==
  /chalk/4.1.1:
    dependencies:
      ansi-styles: 4.3.0
      supports-color: 7.2.0
    dev: true
    engines:
      node: '>=10'
    resolution:
      integrity: sha512-diHzdDKxcU+bAsUboHLPEDQiw0qEe0qd7SYUn3HgcFlWgbDcfLGswOHYeGrHKzG9z6UYf01d9VFMfZxPM1xZSg==
  /ci-info/3.2.0:
    dev: true
    resolution:
      integrity: sha512-dVqRX7fLUm8J6FgHJ418XuIgDLZDkYcDFTeL6TA2gt5WlIZUQrrH6EZrNClwT/H0FateUsZkGIOPRrLbP+PR9A==
  /color-convert/2.0.1:
    dependencies:
      color-name: 1.1.4
    dev: true
    engines:
      node: '>=7.0.0'
    resolution:
      integrity: sha512-RRECPsj7iu/xb5oKYcsFHSppFNnsj/52OVTRKb4zP5onXwVF3zVmmToNcOfGC+CRDpfK/U584fMg38ZHCaElKQ==
  /color-name/1.1.4:
    dev: true
    resolution:
      integrity: sha512-dOy+3AuW3a2wNbZHIuMZpTcgjGuLU/uBL/ubcZF9OXbDo8ff4O8yVp5Bf0efS8uEoYo5q4Fx7dY9OgQGXgAsQA==
  /enhanced-resolve/5.8.2:
    dependencies:
      graceful-fs: 4.2.6
      tapable: 2.2.0
    dev: false
    engines:
      node: '>=10.13.0'
    resolution:
      integrity: sha512-F27oB3WuHDzvR2DOGNTaYy0D5o0cnrv8TeI482VM4kYgQd/FT9lUQwuNsJ0oOHtBUq7eiW5ytqzp7nBFknL+GA==
  /escalade/3.1.1:
    dev: true
    engines:
      node: '>=6'
    resolution:
      integrity: sha512-k0er2gUkLf8O0zKJiAhmkTnJlTvINGv7ygDNPbeIsX/TJjGJZHuh9B2UxbsaEkmlEo9MfhrSzmhIlhRlI2GXnw==
  /function-bind/1.1.1:
    dev: true
    resolution:
      integrity: sha512-yIovAzMX49sF8Yl58fSCWJ5svSLuaibPxXQJFLmBObTuCr0Mf1KiPopGM9NiFjiYBCbfaa2Fh6breQ6ANVTI0A==
  /graceful-fs/4.2.6:
    resolution:
      integrity: sha512-nTnJ528pbqxYanhpDYsi4Rd8MAeaBA67+RZ10CM1m3bTAVFEDcd5AuA4a6W5YkGZ1iNXHzZz8T6TBKLeBuNriQ==
  /has-flag/4.0.0:
    dev: true
    engines:
      node: '>=8'
    resolution:
      integrity: sha512-EykJT/Q1KjTWctppgIAgfSO0tKVuZUjhgMr17kqTumMl6Afv3EISleU7qZUzoXDFTAHTDC4NOoG/ZxU3EvlMPQ==
  /has/1.0.3:
    dependencies:
      function-bind: 1.1.1
    dev: true
    engines:
      node: '>= 0.4.0'
    resolution:
      integrity: sha512-f2dvO0VU6Oej7RkWJGrehjbzMAjFp5/VKPp5tTpWIV4JHHZK1/BxbFRtf/siA2SWTe09caDmVtYYzWEIbBS4zw==
  /is-ci/3.0.0:
    dependencies:
      ci-info: 3.2.0
    dev: true
    hasBin: true
    resolution:
      integrity: sha512-kDXyttuLeslKAHYL/K28F2YkM3x5jvFPEw3yXbRptXydjD9rpLEz+C5K5iutY9ZiUu6AP41JdvRQwF4Iqs4ZCQ==
  /is-core-module/2.4.0:
    dependencies:
      has: 1.0.3
    dev: true
    resolution:
      integrity: sha512-6A2fkfq1rfeQZjxrZJGerpLCTHRNEBiSgnu0+obeJpEPZRUooHgsizvzv0ZjJwOz3iWIHdJtVWJ/tmPr3D21/A==
  /jest-get-type/27.0.1:
    dev: true
    engines:
      node: ^10.13.0 || ^12.13.0 || ^14.15.0 || >=15.0.0
    resolution:
      integrity: sha512-9Tggo9zZbu0sHKebiAijyt1NM77Z0uO4tuWOxUCujAiSeXv30Vb5D4xVF4UR4YWNapcftj+PbByU54lKD7/xMg==
  /jest-pnp-resolver/1.2.2_jest-resolve@27.0.2:
    dependencies:
      jest-resolve: 27.0.2_jest-resolve@27.0.2
    dev: true
    engines:
      node: '>=6'
    peerDependencies:
      jest-resolve: '*'
    peerDependenciesMeta:
      jest-resolve:
        optional: true
    resolution:
      integrity: sha512-olV41bKSMm8BdnuMsewT4jqlZ8+3TCARAXjZGT9jcoSnrfUnRCqnMoF9XEeoWjbzObpqF9dRhHQj0Xb9QdF6/w==
  /jest-resolve/27.0.2_jest-resolve@27.0.2:
    dependencies:
      '@jest/types': 27.0.2
      chalk: 4.1.1
      escalade: 3.1.1
      graceful-fs: 4.2.6
      jest-pnp-resolver: 1.2.2_jest-resolve@27.0.2
      jest-util: 27.0.2
      jest-validate: 27.0.2
      resolve: 1.20.0
      slash: 3.0.0
    dev: true
    engines:
      node: ^10.13.0 || ^12.13.0 || ^14.15.0 || >=15.0.0
    peerDependencies:
      jest-resolve: '*'
    resolution:
      integrity: sha512-rmfLGyZhwAUR5z3EwPAW7LQTorWAuCYCcsQJoQxT2it+BOgX3zKxa67r1pfpK3ihy2k9TjYD3/lMp5rPm/CL1Q==
  /jest-util/27.0.2:
    dependencies:
      '@jest/types': 27.0.2
      '@types/node': 15.6.1
      chalk: 4.1.1
      graceful-fs: 4.2.6
      is-ci: 3.0.0
      picomatch: 2.3.0
    dev: true
    engines:
      node: ^10.13.0 || ^12.13.0 || ^14.15.0 || >=15.0.0
    resolution:
      integrity: sha512-1d9uH3a00OFGGWSibpNYr+jojZ6AckOMCXV2Z4K3YXDnzpkAaXQyIpY14FOJPiUmil7CD+A6Qs+lnnh6ctRbIA==
  /jest-validate/27.0.2:
    dependencies:
      '@jest/types': 27.0.2
      camelcase: 6.2.0
      chalk: 4.1.1
      jest-get-type: 27.0.1
      leven: 3.1.0
      pretty-format: 27.0.2
    dev: true
    engines:
      node: ^10.13.0 || ^12.13.0 || ^14.15.0 || >=15.0.0
    resolution:
      integrity: sha512-UgBF6/oVu1ofd1XbaSotXKihi8nZhg0Prm8twQ9uCuAfo59vlxCXMPI/RKmrZEVgi3Nd9dS0I8A0wzWU48pOvg==
  /leven/3.1.0:
    dev: true
    engines:
      node: '>=6'
    resolution:
      integrity: sha512-qsda+H8jTaUaN/x5vzW2rzc+8Rw4TAQ/4KjB46IwK5VH+IlVeeeje/EoZRpiXvIqjFgK84QffqPztGI3VBLG1A==
  /path-parse/1.0.7:
    dev: true
    resolution:
      integrity: sha512-LDJzPVEEEPR+y48z93A0Ed0yXb8pAByGWo/k5YYdYgpY2/2EsOsksJrq7lOHxryrVOn1ejG6oAp8ahvOIQD8sw==
  /picomatch/2.3.0:
    dev: true
    engines:
      node: '>=8.6'
    resolution:
      integrity: sha512-lY1Q/PiJGC2zOv/z391WOTD+Z02bCgsFfvxoXXf6h7kv9o+WmsmzYqrAwY63sNgOxE4xEdq0WyUnXfKeBrSvYw==
  /pretty-format/27.0.2:
    dependencies:
      '@jest/types': 27.0.2
      ansi-regex: 5.0.0
      ansi-styles: 5.2.0
      react-is: 17.0.2
    dev: true
    engines:
      node: ^10.13.0 || ^12.13.0 || ^14.15.0 || >=15.0.0
    resolution:
      integrity: sha512-mXKbbBPnYTG7Yra9qFBtqj+IXcsvxsvOBco3QHxtxTl+hHKq6QdzMZ+q0CtL4ORHZgwGImRr2XZUX2EWzORxig==
  /react-is/17.0.2:
    dev: true
    resolution:
      integrity: sha512-w2GsyukL62IJnlaff/nRegPQR94C/XXamvMWmSHRJ4y7Ts/4ocGRmTHvOs8PSE6pB3dWOrD/nueuU5sduBsQ4w==
  /resolve/1.20.0:
    dependencies:
      is-core-module: 2.4.0
      path-parse: 1.0.7
    dev: true
    resolution:
      integrity: sha512-wENBPt4ySzg4ybFQW2TT1zMQucPK95HSh/nq2CFTZVOGut2+pQvSsgtda4d26YrYcr067wjbmzOG8byDPBX63A==
  /slash/3.0.0:
    dev: true
    engines:
      node: '>=8'
    resolution:
      integrity: sha512-g9Q1haeby36OSStwb4ntCGGGaKsaVSjQ68fBxoQcutl5fS1vuY18H3wSt3jFyFtrkx+Kz0V1G85A4MyAdDMi2Q==
  /supports-color/7.2.0:
    dependencies:
      has-flag: 4.0.0
    dev: true
    engines:
      node: '>=8'
    resolution:
      integrity: sha512-qpCAvRl9stuOHveKsn7HncJRvv501qIacKzQlO/+Lwxc9+0q2wLyv4Dfvt80/DPn2pqOBsJdDiogXGR9+OvwRw==
  /tapable/2.2.0:
    dev: false
    engines:
      node: '>=6'
    resolution:
      integrity: sha512-FBk4IesMV1rBxX2tfiK8RAmogtWn53puLOQlvO8XuwlgxcYbP4mVPS9Ph4aeamSyyVjOl24aYWAuc8U5kCVwMw==
  /typescript/4.3.2:
    dev: true
    engines:
      node: '>=4.2.0'
    hasBin: true
    resolution:
      integrity: sha512-zZ4hShnmnoVnAHpVHWpTcxdv7dWP60S2FsydQLV8V5PbS3FifjWFFRiHSWpDJahly88PRyV5teTSLoq4eG7mKw==
specifiers:
  '@types/enhanced-resolve': ^3.0.6
  '@types/node': 15.6.1
  enhanced-resolve: ^5.8.2
  jest-resolve: ^27.0.2
  typescript: ^4.3.2
